
Microsoft Visual Studio Solution File, Format Version 12.00
# Visual Studio Version 16
VisualStudioVersion = 16.0.29709.97
MinimumVisualStudioVersion = 10.0.40219.1
Project("{9A19103F-16F7-4668-BE54-9A1E7A4F7556}") = "Zagrqvka", "ConsoleApp2\Zagrqvka.csproj", "{BFC271C9-F9C2-45DC-9187-C64B9213F5C2}"
EndProject
Project("{9A19103F-16F7-4668-BE54-9A1E7A4F7556}") = "Arrays", "Arrays\Arrays.csproj", "{B3717A1F-DB9E-40DD-9AE5-C666FB2D66D3}"
EndProject
Project("{9A19103F-16F7-4668-BE54-9A1E7A4F7556}") = "ArraysLeft Rotation", "ArraysLeft Rotation\ArraysLeft Rotation.csproj", "{51BBED5F-E4C2-4147-A363-F15D952BA876}"
EndProject
Project("{9A19103F-16F7-4668-BE54-9A1E7A4F7556}") = "MinimumSwaps2", "MinimumSwaps2\MinimumSwaps2.csproj", "{5A3B2327-53DF-4379-B253-B3ADB21BB434}"
EndProject
Project("{9A19103F-16F7-4668-BE54-9A1E7A4F7556}") = "ArrayManipulation", "ArrayManipulation\ArrayManipulation.csproj", "{58EF7E46-3A59-4E63-B887-36BB63074BD9}"
EndProject
Project("{9A19103F-16F7-4668-BE54-9A1E7A4F7556}") = "SortingBubbleSort", "SortingBubbleSort\SortingBubbleSort.csproj", "{E215C9AB-C123-4A19-97F6-F735DA5888D9}"
EndProject
Project("{9A19103F-16F7-4668-BE54-9A1E7A4F7556}") = "HashTable", "HashTable\HashTable.csproj", "{0FB348E8-9DE4-4C7A-8702-9D1B9517E2B5}"
EndProject
Project("{9A19103F-16F7-4668-BE54-9A1E7A4F7556}") = "HashTableBinarySearch", "HashTableBinarySearch\HashTableBinarySearch.csproj", "{8DFB27AC-73A0-4E73-B370-372A1F6213A3}"
EndProject
Project("{9A19103F-16F7-4668-BE54-9A1E7A4F7556}") = "MakingAnagrams", "MakingAnagrams\MakingAnagrams.csproj", "{F0F7A8EC-4806-46E3-B070-1E92C9365833}"
EndProject
Project("{9A19103F-16F7-4668-BE54-9A1E7A4F7556}") = "AlternatingCharachtersStrings", "AlternatingCharachtersStrings\AlternatingCharachtersStrings.csproj", "{5FA62D48-0588-4570-9140-5A9EBBBB2F05}"
EndProject
Project("{2150E333-8FDC-42A3-9474-1A3956D46DE8}") = "ArraysManipulation", "ArraysManipulation", "{94A53B2D-D31D-4E52-94C1-7E5093143824}"
EndProject
Project("{2150E333-8FDC-42A3-9474-1A3956D46DE8}") = "Strings", "Strings", "{ED699AA4-9CC4-4144-9C69-DF8B33357A1F}"
EndProject
Project("{2150E333-8FDC-42A3-9474-1A3956D46DE8}") = "HashTables", "HashTables", "{D57F89CA-AF36-443F-BF84-ECC0FCE152BF}"
EndProject
Project("{9A19103F-16F7-4668-BE54-9A1E7A4F7556}") = "SherlockandValid String", "SherlockandValid String\SherlockandValid String.csproj", "{E424BA97-9554-4518-A232-BD65AB5C2504}"
EndProject
Project("{9A19103F-16F7-4668-BE54-9A1E7A4F7556}") = "SpecialStringAgain", "SpecialStringAgain\SpecialStringAgain.csproj", "{491C357E-5CFB-4A11-9735-08B8D681CCE9}"
EndProject
Project("{2150E333-8FDC-42A3-9474-1A3956D46DE8}") = "Sorting", "Sorting", "{F78D5AF5-7CDC-4404-867A-965CB0682D76}"
EndProject
Project("{9A19103F-16F7-4668-BE54-9A1E7A4F7556}") = "MarkAndToys", "MarkAndToys\MarkAndToys.csproj", "{EFEDD7D1-1F32-491D-A1A0-3AF6E1EAA18E}"
EndProject
Project("{9A19103F-16F7-4668-BE54-9A1E7A4F7556}") = "SortingComparator", "SortingComparator\SortingComparator.csproj", "{A0CBD79C-AAB1-4202-8B65-409CAEAC5828}"
EndProject
Project("{9A19103F-16F7-4668-BE54-9A1E7A4F7556}") = "FraudulentActivityNotifications", "FraudulentActivityNotifications\FraudulentActivityNotifications.csproj", "{1BA8DA74-9D12-4F30-B5FB-F5BE57BF1A2C}"
EndProject
Project("{9A19103F-16F7-4668-BE54-9A1E7A4F7556}") = "MakingCandies", "MakingCandies\MakingCandies.csproj", "{40C246FE-C40A-42E3-99DB-B4595C205615}"
EndProject
Project("{FAE04EC0-301F-11D3-BF4B-00C04F79EFBC}") = "FizzBuzz", "FizzBuzz\FizzBuzz.csproj", "{C210BA01-3335-473E-8072-625424AEE607}"
EndProject
Project("{FAE04EC0-301F-11D3-BF4B-00C04F79EFBC}") = "NFact", "NFact\NFact.csproj", "{3B806AE1-10FB-4568-BC74-D9CA1580A71E}"
EndProject
Project("{FAE04EC0-301F-11D3-BF4B-00C04F79EFBC}") = "Fibbonachi", "Fibbonachi\Fibbonachi.csproj", "{C69EFAF3-CBC2-46A5-B36D-0B3DD29953C3}"
EndProject
Project("{FAE04EC0-301F-11D3-BF4B-00C04F79EFBC}") = "ProblemSolving", "ProblemSolving\ProblemSolving.csproj", "{CC4A0421-B2C9-43A2-86D4-AF8E0720717E}"
EndProject
Project("{FAE04EC0-301F-11D3-BF4B-00C04F79EFBC}") = "CatsandMouse", "CatsandMouse\CatsandMouse.csproj", "{3F83FDFF-FBDB-4D3D-9AA4-EDA43AB8B1CD}"
EndProject
Project("{FAE04EC0-301F-11D3-BF4B-00C04F79EFBC}") = "FormingMagicSquare", "FormingMagicSquare\FormingMagicSquare.csproj", "{FF979436-B686-4D1C-B288-D9FBD11C4CF9}"
EndProject
Project("{FAE04EC0-301F-11D3-BF4B-00C04F79EFBC}") = "AlmostSorted", "AlmostSorted\AlmostSorted.csproj", "{F74582A9-E804-4735-B2FB-14E995B5E29A}"
EndProject
Project("{FAE04EC0-301F-11D3-BF4B-00C04F79EFBC}") = "AlmostSorted2", "AlmostSorted2\AlmostSorted2.csproj", "{1CF5B594-1D6A-4101-9191-BFB3BC55EE86}"
EndProject
Project("{2150E333-8FDC-42A3-9474-1A3956D46DE8}") = "GreedyAlg", "GreedyAlg", "{378EC4F7-006C-47AE-91E9-50BC1A4D8843}"
EndProject
Project("{FAE04EC0-301F-11D3-BF4B-00C04F79EFBC}") = "MaxMin", "MaxMin\MaxMin.csproj", "{D0156B14-0B93-4910-BF1E-6E67C0471839}"
EndProject
Project("{2150E333-8FDC-42A3-9474-1A3956D46DE8}") = "StackQueues", "StackQueues", "{09BEC4AC-D90B-4C3D-A762-471D41C79696}"
EndProject
Project("{FAE04EC0-301F-11D3-BF4B-00C04F79EFBC}") = "QueuesATaleOfTwoSacks", "QueuesATaleOfTwoSacks\QueuesATaleOfTwoSacks.csproj", "{1ECA6137-FC46-4444-8F17-292C687C3C42}"
EndProject
Global
	GlobalSection(SolutionConfigurationPlatforms) = preSolution
		Debug|Any CPU = Debug|Any CPU
		Release|Any CPU = Release|Any CPU
	EndGlobalSection
	GlobalSection(ProjectConfigurationPlatforms) = postSolution
		{BFC271C9-F9C2-45DC-9187-C64B9213F5C2}.Debug|Any CPU.ActiveCfg = Debug|Any CPU
		{BFC271C9-F9C2-45DC-9187-C64B9213F5C2}.Debug|Any CPU.Build.0 = Debug|Any CPU
		{BFC271C9-F9C2-45DC-9187-C64B9213F5C2}.Release|Any CPU.ActiveCfg = Release|Any CPU
		{BFC271C9-F9C2-45DC-9187-C64B9213F5C2}.Release|Any CPU.Build.0 = Release|Any CPU
		{B3717A1F-DB9E-40DD-9AE5-C666FB2D66D3}.Debug|Any CPU.ActiveCfg = Debug|Any CPU
		{B3717A1F-DB9E-40DD-9AE5-C666FB2D66D3}.Debug|Any CPU.Build.0 = Debug|Any CPU
		{B3717A1F-DB9E-40DD-9AE5-C666FB2D66D3}.Release|Any CPU.ActiveCfg = Release|Any CPU
		{B3717A1F-DB9E-40DD-9AE5-C666FB2D66D3}.Release|Any CPU.Build.0 = Release|Any CPU
		{51BBED5F-E4C2-4147-A363-F15D952BA876}.Debug|Any CPU.ActiveCfg = Debug|Any CPU
		{51BBED5F-E4C2-4147-A363-F15D952BA876}.Debug|Any CPU.Build.0 = Debug|Any CPU
		{51BBED5F-E4C2-4147-A363-F15D952BA876}.Release|Any CPU.ActiveCfg = Release|Any CPU
		{51BBED5F-E4C2-4147-A363-F15D952BA876}.Release|Any CPU.Build.0 = Release|Any CPU
		{5A3B2327-53DF-4379-B253-B3ADB21BB434}.Debug|Any CPU.ActiveCfg = Debug|Any CPU
		{5A3B2327-53DF-4379-B253-B3ADB21BB434}.Debug|Any CPU.Build.0 = Debug|Any CPU
		{5A3B2327-53DF-4379-B253-B3ADB21BB434}.Release|Any CPU.ActiveCfg = Release|Any CPU
		{5A3B2327-53DF-4379-B253-B3ADB21BB434}.Release|Any CPU.Build.0 = Release|Any CPU
		{58EF7E46-3A59-4E63-B887-36BB63074BD9}.Debug|Any CPU.ActiveCfg = Debug|Any CPU
		{58EF7E46-3A59-4E63-B887-36BB63074BD9}.Debug|Any CPU.Build.0 = Debug|Any CPU
		{58EF7E46-3A59-4E63-B887-36BB63074BD9}.Release|Any CPU.ActiveCfg = Release|Any CPU
		{58EF7E46-3A59-4E63-B887-36BB63074BD9}.Release|Any CPU.Build.0 = Release|Any CPU
		{E215C9AB-C123-4A19-97F6-F735DA5888D9}.Debug|Any CPU.ActiveCfg = Debug|Any CPU
		{E215C9AB-C123-4A19-97F6-F735DA5888D9}.Debug|Any CPU.Build.0 = Debug|Any CPU
		{E215C9AB-C123-4A19-97F6-F735DA5888D9}.Release|Any CPU.ActiveCfg = Release|Any CPU
		{E215C9AB-C123-4A19-97F6-F735DA5888D9}.Release|Any CPU.Build.0 = Release|Any CPU
		{0FB348E8-9DE4-4C7A-8702-9D1B9517E2B5}.Debug|Any CPU.ActiveCfg = Debug|Any CPU
		{0FB348E8-9DE4-4C7A-8702-9D1B9517E2B5}.Debug|Any CPU.Build.0 = Debug|Any CPU
		{0FB348E8-9DE4-4C7A-8702-9D1B9517E2B5}.Release|Any CPU.ActiveCfg = Release|Any CPU
		{0FB348E8-9DE4-4C7A-8702-9D1B9517E2B5}.Release|Any CPU.Build.0 = Release|Any CPU
		{8DFB27AC-73A0-4E73-B370-372A1F6213A3}.Debug|Any CPU.ActiveCfg = Debug|Any CPU
		{8DFB27AC-73A0-4E73-B370-372A1F6213A3}.Debug|Any CPU.Build.0 = Debug|Any CPU
		{8DFB27AC-73A0-4E73-B370-372A1F6213A3}.Release|Any CPU.ActiveCfg = Release|Any CPU
		{8DFB27AC-73A0-4E73-B370-372A1F6213A3}.Release|Any CPU.Build.0 = Release|Any CPU
		{F0F7A8EC-4806-46E3-B070-1E92C9365833}.Debug|Any CPU.ActiveCfg = Debug|Any CPU
		{F0F7A8EC-4806-46E3-B070-1E92C9365833}.Debug|Any CPU.Build.0 = Debug|Any CPU
		{F0F7A8EC-4806-46E3-B070-1E92C9365833}.Release|Any CPU.ActiveCfg = Release|Any CPU
		{F0F7A8EC-4806-46E3-B070-1E92C9365833}.Release|Any CPU.Build.0 = Release|Any CPU
		{5FA62D48-0588-4570-9140-5A9EBBBB2F05}.Debug|Any CPU.ActiveCfg = Debug|Any CPU
		{5FA62D48-0588-4570-9140-5A9EBBBB2F05}.Debug|Any CPU.Build.0 = Debug|Any CPU
		{5FA62D48-0588-4570-9140-5A9EBBBB2F05}.Release|Any CPU.ActiveCfg = Release|Any CPU
		{5FA62D48-0588-4570-9140-5A9EBBBB2F05}.Release|Any CPU.Build.0 = Release|Any CPU
		{E424BA97-9554-4518-A232-BD65AB5C2504}.Debug|Any CPU.ActiveCfg = Debug|Any CPU
		{E424BA97-9554-4518-A232-BD65AB5C2504}.Debug|Any CPU.Build.0 = Debug|Any CPU
		{E424BA97-9554-4518-A232-BD65AB5C2504}.Release|Any CPU.ActiveCfg = Release|Any CPU
		{E424BA97-9554-4518-A232-BD65AB5C2504}.Release|Any CPU.Build.0 = Release|Any CPU
		{491C357E-5CFB-4A11-9735-08B8D681CCE9}.Debug|Any CPU.ActiveCfg = Debug|Any CPU
		{491C357E-5CFB-4A11-9735-08B8D681CCE9}.Debug|Any CPU.Build.0 = Debug|Any CPU
		{491C357E-5CFB-4A11-9735-08B8D681CCE9}.Release|Any CPU.ActiveCfg = Release|Any CPU
		{491C357E-5CFB-4A11-9735-08B8D681CCE9}.Release|Any CPU.Build.0 = Release|Any CPU
		{EFEDD7D1-1F32-491D-A1A0-3AF6E1EAA18E}.Debug|Any CPU.ActiveCfg = Debug|Any CPU
		{EFEDD7D1-1F32-491D-A1A0-3AF6E1EAA18E}.Debug|Any CPU.Build.0 = Debug|Any CPU
		{EFEDD7D1-1F32-491D-A1A0-3AF6E1EAA18E}.Release|Any CPU.ActiveCfg = Release|Any CPU
		{EFEDD7D1-1F32-491D-A1A0-3AF6E1EAA18E}.Release|Any CPU.Build.0 = Release|Any CPU
		{A0CBD79C-AAB1-4202-8B65-409CAEAC5828}.Debug|Any CPU.ActiveCfg = Debug|Any CPU
		{A0CBD79C-AAB1-4202-8B65-409CAEAC5828}.Debug|Any CPU.Build.0 = Debug|Any CPU
		{A0CBD79C-AAB1-4202-8B65-409CAEAC5828}.Release|Any CPU.ActiveCfg = Release|Any CPU
		{A0CBD79C-AAB1-4202-8B65-409CAEAC5828}.Release|Any CPU.Build.0 = Release|Any CPU
		{1BA8DA74-9D12-4F30-B5FB-F5BE57BF1A2C}.Debug|Any CPU.ActiveCfg = Debug|Any CPU
		{1BA8DA74-9D12-4F30-B5FB-F5BE57BF1A2C}.Debug|Any CPU.Build.0 = Debug|Any CPU
		{1BA8DA74-9D12-4F30-B5FB-F5BE57BF1A2C}.Release|Any CPU.ActiveCfg = Release|Any CPU
		{1BA8DA74-9D12-4F30-B5FB-F5BE57BF1A2C}.Release|Any CPU.Build.0 = Release|Any CPU
		{40C246FE-C40A-42E3-99DB-B4595C205615}.Debug|Any CPU.ActiveCfg = Debug|Any CPU
		{40C246FE-C40A-42E3-99DB-B4595C205615}.Debug|Any CPU.Build.0 = Debug|Any CPU
		{40C246FE-C40A-42E3-99DB-B4595C205615}.Release|Any CPU.ActiveCfg = Release|Any CPU
		{40C246FE-C40A-42E3-99DB-B4595C205615}.Release|Any CPU.Build.0 = Release|Any CPU
		{C210BA01-3335-473E-8072-625424AEE607}.Debug|Any CPU.ActiveCfg = Debug|Any CPU
		{C210BA01-3335-473E-8072-625424AEE607}.Debug|Any CPU.Build.0 = Debug|Any CPU
		{C210BA01-3335-473E-8072-625424AEE607}.Release|Any CPU.ActiveCfg = Release|Any CPU
		{C210BA01-3335-473E-8072-625424AEE607}.Release|Any CPU.Build.0 = Release|Any CPU
		{3B806AE1-10FB-4568-BC74-D9CA1580A71E}.Debug|Any CPU.ActiveCfg = Debug|Any CPU
		{3B806AE1-10FB-4568-BC74-D9CA1580A71E}.Debug|Any CPU.Build.0 = Debug|Any CPU
		{3B806AE1-10FB-4568-BC74-D9CA1580A71E}.Release|Any CPU.ActiveCfg = Release|Any CPU
		{3B806AE1-10FB-4568-BC74-D9CA1580A71E}.Release|Any CPU.Build.0 = Release|Any CPU
		{C69EFAF3-CBC2-46A5-B36D-0B3DD29953C3}.Debug|Any CPU.ActiveCfg = Debug|Any CPU
		{C69EFAF3-CBC2-46A5-B36D-0B3DD29953C3}.Debug|Any CPU.Build.0 = Debug|Any CPU
		{C69EFAF3-CBC2-46A5-B36D-0B3DD29953C3}.Release|Any CPU.ActiveCfg = Release|Any CPU
		{C69EFAF3-CBC2-46A5-B36D-0B3DD29953C3}.Release|Any CPU.Build.0 = Release|Any CPU
		{CC4A0421-B2C9-43A2-86D4-AF8E0720717E}.Debug|Any CPU.ActiveCfg = Debug|Any CPU
		{CC4A0421-B2C9-43A2-86D4-AF8E0720717E}.Debug|Any CPU.Build.0 = Debug|Any CPU
		{CC4A0421-B2C9-43A2-86D4-AF8E0720717E}.Release|Any CPU.ActiveCfg = Release|Any CPU
		{CC4A0421-B2C9-43A2-86D4-AF8E0720717E}.Release|Any CPU.Build.0 = Release|Any CPU
		{3F83FDFF-FBDB-4D3D-9AA4-EDA43AB8B1CD}.Debug|Any CPU.ActiveCfg = Debug|Any CPU
		{3F83FDFF-FBDB-4D3D-9AA4-EDA43AB8B1CD}.Debug|Any CPU.Build.0 = Debug|Any CPU
		{3F83FDFF-FBDB-4D3D-9AA4-EDA43AB8B1CD}.Release|Any CPU.ActiveCfg = Release|Any CPU
		{3F83FDFF-FBDB-4D3D-9AA4-EDA43AB8B1CD}.Release|Any CPU.Build.0 = Release|Any CPU
		{FF979436-B686-4D1C-B288-D9FBD11C4CF9}.Debug|Any CPU.ActiveCfg = Debug|Any CPU
		{FF979436-B686-4D1C-B288-D9FBD11C4CF9}.Debug|Any CPU.Build.0 = Debug|Any CPU
		{FF979436-B686-4D1C-B288-D9FBD11C4CF9}.Release|Any CPU.ActiveCfg = Release|Any CPU
		{FF979436-B686-4D1C-B288-D9FBD11C4CF9}.Release|Any CPU.Build.0 = Release|Any CPU
		{F74582A9-E804-4735-B2FB-14E995B5E29A}.Debug|Any CPU.ActiveCfg = Debug|Any CPU
		{F74582A9-E804-4735-B2FB-14E995B5E29A}.Debug|Any CPU.Build.0 = Debug|Any CPU
		{F74582A9-E804-4735-B2FB-14E995B5E29A}.Release|Any CPU.ActiveCfg = Release|Any CPU
		{F74582A9-E804-4735-B2FB-14E995B5E29A}.Release|Any CPU.Build.0 = Release|Any CPU
		{1CF5B594-1D6A-4101-9191-BFB3BC55EE86}.Debug|Any CPU.ActiveCfg = Debug|Any CPU
		{1CF5B594-1D6A-4101-9191-BFB3BC55EE86}.Debug|Any CPU.Build.0 = Debug|Any CPU
		{1CF5B594-1D6A-4101-9191-BFB3BC55EE86}.Release|Any CPU.ActiveCfg = Release|Any CPU
		{1CF5B594-1D6A-4101-9191-BFB3BC55EE86}.Release|Any CPU.Build.0 = Release|Any CPU
		{D0156B14-0B93-4910-BF1E-6E67C0471839}.Debug|Any CPU.ActiveCfg = Debug|Any CPU
		{D0156B14-0B93-4910-BF1E-6E67C0471839}.Debug|Any CPU.Build.0 = Debug|Any CPU
		{D0156B14-0B93-4910-BF1E-6E67C0471839}.Release|Any CPU.ActiveCfg = Release|Any CPU
		{D0156B14-0B93-4910-BF1E-6E67C0471839}.Release|Any CPU.Build.0 = Release|Any CPU
		{1ECA6137-FC46-4444-8F17-292C687C3C42}.Debug|Any CPU.ActiveCfg = Debug|Any CPU
		{1ECA6137-FC46-4444-8F17-292C687C3C42}.Debug|Any CPU.Build.0 = Debug|Any CPU
		{1ECA6137-FC46-4444-8F17-292C687C3C42}.Release|Any CPU.ActiveCfg = Release|Any CPU
		{1ECA6137-FC46-4444-8F17-292C687C3C42}.Release|Any CPU.Build.0 = Release|Any CPU
	EndGlobalSection
	GlobalSection(SolutionProperties) = preSolution
		HideSolutionNode = FALSE
	EndGlobalSection
	GlobalSection(NestedProjects) = preSolution
		{B3717A1F-DB9E-40DD-9AE5-C666FB2D66D3} = {94A53B2D-D31D-4E52-94C1-7E5093143824}
		{51BBED5F-E4C2-4147-A363-F15D952BA876} = {94A53B2D-D31D-4E52-94C1-7E5093143824}
		{5A3B2327-53DF-4379-B253-B3ADB21BB434} = {94A53B2D-D31D-4E52-94C1-7E5093143824}
		{58EF7E46-3A59-4E63-B887-36BB63074BD9} = {94A53B2D-D31D-4E52-94C1-7E5093143824}
		{E215C9AB-C123-4A19-97F6-F735DA5888D9} = {94A53B2D-D31D-4E52-94C1-7E5093143824}
		{0FB348E8-9DE4-4C7A-8702-9D1B9517E2B5} = {D57F89CA-AF36-443F-BF84-ECC0FCE152BF}
		{8DFB27AC-73A0-4E73-B370-372A1F6213A3} = {D57F89CA-AF36-443F-BF84-ECC0FCE152BF}
		{F0F7A8EC-4806-46E3-B070-1E92C9365833} = {ED699AA4-9CC4-4144-9C69-DF8B33357A1F}
		{5FA62D48-0588-4570-9140-5A9EBBBB2F05} = {ED699AA4-9CC4-4144-9C69-DF8B33357A1F}
		{E424BA97-9554-4518-A232-BD65AB5C2504} = {ED699AA4-9CC4-4144-9C69-DF8B33357A1F}
		{491C357E-5CFB-4A11-9735-08B8D681CCE9} = {ED699AA4-9CC4-4144-9C69-DF8B33357A1F}
		{EFEDD7D1-1F32-491D-A1A0-3AF6E1EAA18E} = {F78D5AF5-7CDC-4404-867A-965CB0682D76}
		{A0CBD79C-AAB1-4202-8B65-409CAEAC5828} = {F78D5AF5-7CDC-4404-867A-965CB0682D76}
		{1BA8DA74-9D12-4F30-B5FB-F5BE57BF1A2C} = {F78D5AF5-7CDC-4404-867A-965CB0682D76}
		{FF979436-B686-4D1C-B288-D9FBD11C4CF9} = {94A53B2D-D31D-4E52-94C1-7E5093143824}
		{F74582A9-E804-4735-B2FB-14E995B5E29A} = {F78D5AF5-7CDC-4404-867A-965CB0682D76}
		{1CF5B594-1D6A-4101-9191-BFB3BC55EE86} = {F78D5AF5-7CDC-4404-867A-965CB0682D76}
		{D0156B14-0B93-4910-BF1E-6E67C0471839} = {378EC4F7-006C-47AE-91E9-50BC1A4D8843}
		{1ECA6137-FC46-4444-8F17-292C687C3C42} = {09BEC4AC-D90B-4C3D-A762-471D41C79696}
	EndGlobalSection
	GlobalSection(ExtensibilityGlobals) = postSolution
		SolutionGuid = {9812E165-B06B-4F69-8DB7-A7A2229739B7}
	EndGlobalSection
EndGlobal
